// !$*UTF8*$!
{
	archiveVersion = 1;
	classes = {
	};
	objectVersion = 51;
	objects = {

/* Begin PBXBuildFile section */
		0992B90CCFCE7449AA42EDE2 /* Pods_TheMovieApp.framework in Frameworks */ = {isa = PBXBuildFile; fileRef = 9BBA6B928B24EB6F4D60F6D5 /* Pods_TheMovieApp.framework */; };
		417FDE23F45A0B5B9B70A878 /* Pods_TheMovieAppTests.framework in Frameworks */ = {isa = PBXBuildFile; fileRef = 21B96ABD6392446281097EA1 /* Pods_TheMovieAppTests.framework */; };
		CC177DF824A3BC88009BEC2B /* AppDelegate.swift in Sources */ = {isa = PBXBuildFile; fileRef = CC177DF724A3BC88009BEC2B /* AppDelegate.swift */; };
		CC177DFA24A3BC88009BEC2B /* ViewController.swift in Sources */ = {isa = PBXBuildFile; fileRef = CC177DF924A3BC88009BEC2B /* ViewController.swift */; };
		CC177DFD24A3BC88009BEC2B /* Main.storyboard in Resources */ = {isa = PBXBuildFile; fileRef = CC177DFB24A3BC88009BEC2B /* Main.storyboard */; };
		CC177DFF24A3BC88009BEC2B /* Assets.xcassets in Resources */ = {isa = PBXBuildFile; fileRef = CC177DFE24A3BC88009BEC2B /* Assets.xcassets */; };
		CC177E0224A3BC88009BEC2B /* LaunchScreen.storyboard in Resources */ = {isa = PBXBuildFile; fileRef = CC177E0024A3BC88009BEC2B /* LaunchScreen.storyboard */; };
		CC177E0D24A3BC88009BEC2B /* TheMovieAppTests.swift in Sources */ = {isa = PBXBuildFile; fileRef = CC177E0C24A3BC88009BEC2B /* TheMovieAppTests.swift */; };
		CC177E1E24A3CA10009BEC2B /* Results.swift in Sources */ = {isa = PBXBuildFile; fileRef = CC177E1C24A3CA10009BEC2B /* Results.swift */; };
		CC177E2124A3CB5F009BEC2B /* Movies.swift in Sources */ = {isa = PBXBuildFile; fileRef = CC177E2024A3CB5F009BEC2B /* Movies.swift */; };
		CC177E2324A3CE2B009BEC2B /* ServiceHelper.swift in Sources */ = {isa = PBXBuildFile; fileRef = CC177E2224A3CE2B009BEC2B /* ServiceHelper.swift */; };
		CC177E2724A3DA0D009BEC2B /* NetworkingConstants.swift in Sources */ = {isa = PBXBuildFile; fileRef = CC177E2624A3DA0D009BEC2B /* NetworkingConstants.swift */; };
		CC177E2924A401A4009BEC2B /* MoviesTableViewCell.swift in Sources */ = {isa = PBXBuildFile; fileRef = CC177E2824A401A4009BEC2B /* MoviesTableViewCell.swift */; };
		CC177E2B24A401CE009BEC2B /* MoviesViewModel.swift in Sources */ = {isa = PBXBuildFile; fileRef = CC177E2A24A401CE009BEC2B /* MoviesViewModel.swift */; };
/* End PBXBuildFile section */

/* Begin PBXContainerItemProxy section */
		CC177E0924A3BC88009BEC2B /* PBXContainerItemProxy */ = {
			isa = PBXContainerItemProxy;
			containerPortal = CC177DEC24A3BC88009BEC2B /* Project object */;
			proxyType = 1;
			remoteGlobalIDString = CC177DF324A3BC88009BEC2B;
			remoteInfo = TheMovieApp;
		};
/* End PBXContainerItemProxy section */

/* Begin PBXFileReference section */
		21B96ABD6392446281097EA1 /* Pods_TheMovieAppTests.framework */ = {isa = PBXFileReference; explicitFileType = wrapper.framework; includeInIndex = 0; path = Pods_TheMovieAppTests.framework; sourceTree = BUILT_PRODUCTS_DIR; };
		2B500583C16FDA1BE6ABFD47 /* Pods-TheMovieAppTests.release.xcconfig */ = {isa = PBXFileReference; includeInIndex = 1; lastKnownFileType = text.xcconfig; name = "Pods-TheMovieAppTests.release.xcconfig"; path = "Target Support Files/Pods-TheMovieAppTests/Pods-TheMovieAppTests.release.xcconfig"; sourceTree = "<group>"; };
		3624AFBF72D3A2D6A28CF9BC /* Pods-TheMovieAppTests.debug.xcconfig */ = {isa = PBXFileReference; includeInIndex = 1; lastKnownFileType = text.xcconfig; name = "Pods-TheMovieAppTests.debug.xcconfig"; path = "Target Support Files/Pods-TheMovieAppTests/Pods-TheMovieAppTests.debug.xcconfig"; sourceTree = "<group>"; };
		3D3593474252B92D9D88E148 /* Pods-TheMovieApp.release.xcconfig */ = {isa = PBXFileReference; includeInIndex = 1; lastKnownFileType = text.xcconfig; name = "Pods-TheMovieApp.release.xcconfig"; path = "Target Support Files/Pods-TheMovieApp/Pods-TheMovieApp.release.xcconfig"; sourceTree = "<group>"; };
		79ED05D21A8A29E9FFD2A4FB /* Pods-TheMovieApp.debug.xcconfig */ = {isa = PBXFileReference; includeInIndex = 1; lastKnownFileType = text.xcconfig; name = "Pods-TheMovieApp.debug.xcconfig"; path = "Target Support Files/Pods-TheMovieApp/Pods-TheMovieApp.debug.xcconfig"; sourceTree = "<group>"; };
		9BBA6B928B24EB6F4D60F6D5 /* Pods_TheMovieApp.framework */ = {isa = PBXFileReference; explicitFileType = wrapper.framework; includeInIndex = 0; path = Pods_TheMovieApp.framework; sourceTree = BUILT_PRODUCTS_DIR; };
		CC177DF424A3BC88009BEC2B /* TheMovieApp.app */ = {isa = PBXFileReference; explicitFileType = wrapper.application; includeInIndex = 0; path = TheMovieApp.app; sourceTree = BUILT_PRODUCTS_DIR; };
		CC177DF724A3BC88009BEC2B /* AppDelegate.swift */ = {isa = PBXFileReference; lastKnownFileType = sourcecode.swift; path = AppDelegate.swift; sourceTree = "<group>"; };
		CC177DF924A3BC88009BEC2B /* ViewController.swift */ = {isa = PBXFileReference; lastKnownFileType = sourcecode.swift; path = ViewController.swift; sourceTree = "<group>"; };
		CC177DFC24A3BC88009BEC2B /* Base */ = {isa = PBXFileReference; lastKnownFileType = file.storyboard; name = Base; path = Base.lproj/Main.storyboard; sourceTree = "<group>"; };
		CC177DFE24A3BC88009BEC2B /* Assets.xcassets */ = {isa = PBXFileReference; lastKnownFileType = folder.assetcatalog; path = Assets.xcassets; sourceTree = "<group>"; };
		CC177E0124A3BC88009BEC2B /* Base */ = {isa = PBXFileReference; lastKnownFileType = file.storyboard; name = Base; path = Base.lproj/LaunchScreen.storyboard; sourceTree = "<group>"; };
		CC177E0324A3BC88009BEC2B /* Info.plist */ = {isa = PBXFileReference; lastKnownFileType = text.plist.xml; path = Info.plist; sourceTree = "<group>"; };
		CC177E0824A3BC88009BEC2B /* TheMovieAppTests.xctest */ = {isa = PBXFileReference; explicitFileType = wrapper.cfbundle; includeInIndex = 0; path = TheMovieAppTests.xctest; sourceTree = BUILT_PRODUCTS_DIR; };
		CC177E0C24A3BC88009BEC2B /* TheMovieAppTests.swift */ = {isa = PBXFileReference; lastKnownFileType = sourcecode.swift; path = TheMovieAppTests.swift; sourceTree = "<group>"; };
		CC177E0E24A3BC88009BEC2B /* Info.plist */ = {isa = PBXFileReference; lastKnownFileType = text.plist.xml; path = Info.plist; sourceTree = "<group>"; };
		CC177E1C24A3CA10009BEC2B /* Results.swift */ = {isa = PBXFileReference; fileEncoding = 4; lastKnownFileType = sourcecode.swift; path = Results.swift; sourceTree = "<group>"; };
		CC177E2024A3CB5F009BEC2B /* Movies.swift */ = {isa = PBXFileReference; fileEncoding = 4; lastKnownFileType = sourcecode.swift; path = Movies.swift; sourceTree = "<group>"; };
		CC177E2224A3CE2B009BEC2B /* ServiceHelper.swift */ = {isa = PBXFileReference; lastKnownFileType = sourcecode.swift; path = ServiceHelper.swift; sourceTree = "<group>"; };
		CC177E2624A3DA0D009BEC2B /* NetworkingConstants.swift */ = {isa = PBXFileReference; lastKnownFileType = sourcecode.swift; path = NetworkingConstants.swift; sourceTree = "<group>"; };
		CC177E2824A401A4009BEC2B /* MoviesTableViewCell.swift */ = {isa = PBXFileReference; lastKnownFileType = sourcecode.swift; path = MoviesTableViewCell.swift; sourceTree = "<group>"; };
		CC177E2A24A401CE009BEC2B /* MoviesViewModel.swift */ = {isa = PBXFileReference; lastKnownFileType = sourcecode.swift; path = MoviesViewModel.swift; sourceTree = "<group>"; };
/* End PBXFileReference section */

/* Begin PBXFrameworksBuildPhase section */
		CC177DF124A3BC88009BEC2B /* Frameworks */ = {
			isa = PBXFrameworksBuildPhase;
			buildActionMask = 2147483647;
			files = (
				0992B90CCFCE7449AA42EDE2 /* Pods_TheMovieApp.framework in Frameworks */,
			);
			runOnlyForDeploymentPostprocessing = 0;
		};
		CC177E0524A3BC88009BEC2B /* Frameworks */ = {
			isa = PBXFrameworksBuildPhase;
			buildActionMask = 2147483647;
			files = (
				417FDE23F45A0B5B9B70A878 /* Pods_TheMovieAppTests.framework in Frameworks */,
			);
			runOnlyForDeploymentPostprocessing = 0;
		};
/* End PBXFrameworksBuildPhase section */

/* Begin PBXGroup section */
		0F0DF9F14A98466E376AE000 /* Pods */ = {
			isa = PBXGroup;
			children = (
				79ED05D21A8A29E9FFD2A4FB /* Pods-TheMovieApp.debug.xcconfig */,
				3D3593474252B92D9D88E148 /* Pods-TheMovieApp.release.xcconfig */,
				3624AFBF72D3A2D6A28CF9BC /* Pods-TheMovieAppTests.debug.xcconfig */,
				2B500583C16FDA1BE6ABFD47 /* Pods-TheMovieAppTests.release.xcconfig */,
			);
			path = Pods;
			sourceTree = "<group>";
		};
		A519E31CCD17D8F5F2C0E2E1 /* Frameworks */ = {
			isa = PBXGroup;
			children = (
				9BBA6B928B24EB6F4D60F6D5 /* Pods_TheMovieApp.framework */,
				21B96ABD6392446281097EA1 /* Pods_TheMovieAppTests.framework */,
			);
			name = Frameworks;
			sourceTree = "<group>";
		};
		CC177DEB24A3BC88009BEC2B = {
			isa = PBXGroup;
			children = (
				CC177DF624A3BC88009BEC2B /* TheMovieApp */,
				CC177E0B24A3BC88009BEC2B /* TheMovieAppTests */,
				CC177DF524A3BC88009BEC2B /* Products */,
				0F0DF9F14A98466E376AE000 /* Pods */,
				A519E31CCD17D8F5F2C0E2E1 /* Frameworks */,
			);
			sourceTree = "<group>";
		};
		CC177DF524A3BC88009BEC2B /* Products */ = {
			isa = PBXGroup;
			children = (
				CC177DF424A3BC88009BEC2B /* TheMovieApp.app */,
				CC177E0824A3BC88009BEC2B /* TheMovieAppTests.xctest */,
			);
			name = Products;
			sourceTree = "<group>";
		};
		CC177DF624A3BC88009BEC2B /* TheMovieApp */ = {
			isa = PBXGroup;
			children = (
				CC177E1A24A3C7A0009BEC2B /* HelperClasses */,
				CC177E1924A3C796009BEC2B /* Model */,
				CC177E1824A3C782009BEC2B /* ViewModel */,
				CC177E1724A3C770009BEC2B /* View */,
				CC177E1B24A3C7CF009BEC2B /* Controllers */,
				CC177E2C24A538DA009BEC2B /* Resources */,
				CC177E0324A3BC88009BEC2B /* Info.plist */,
			);
			path = TheMovieApp;
			sourceTree = "<group>";
		};
		CC177E0B24A3BC88009BEC2B /* TheMovieAppTests */ = {
			isa = PBXGroup;
			children = (
				CC177E0C24A3BC88009BEC2B /* TheMovieAppTests.swift */,
				CC177E0E24A3BC88009BEC2B /* Info.plist */,
			);
			path = TheMovieAppTests;
			sourceTree = "<group>";
		};
		CC177E1724A3C770009BEC2B /* View */ = {
			isa = PBXGroup;
			children = (
				CC177DFB24A3BC88009BEC2B /* Main.storyboard */,
				CC177E0024A3BC88009BEC2B /* LaunchScreen.storyboard */,
				CC177E2824A401A4009BEC2B /* MoviesTableViewCell.swift */,
			);
			path = View;
			sourceTree = "<group>";
		};
		CC177E1824A3C782009BEC2B /* ViewModel */ = {
			isa = PBXGroup;
			children = (
				CC177E2A24A401CE009BEC2B /* MoviesViewModel.swift */,
			);
			path = ViewModel;
			sourceTree = "<group>";
		};
		CC177E1924A3C796009BEC2B /* Model */ = {
			isa = PBXGroup;
			children = (
				CC177E2024A3CB5F009BEC2B /* Movies.swift */,
				CC177E1C24A3CA10009BEC2B /* Results.swift */,
			);
			path = Model;
			sourceTree = "<group>";
		};
		CC177E1A24A3C7A0009BEC2B /* HelperClasses */ = {
			isa = PBXGroup;
			children = (
				CC177E2624A3DA0D009BEC2B /* NetworkingConstants.swift */,
				CC177E2224A3CE2B009BEC2B /* ServiceHelper.swift */,
			);
			path = HelperClasses;
			sourceTree = "<group>";
		};
		CC177E1B24A3C7CF009BEC2B /* Controllers */ = {
			isa = PBXGroup;
			children = (
				CC177DF924A3BC88009BEC2B /* ViewController.swift */,
			);
			path = Controllers;
			sourceTree = "<group>";
		};
		CC177E2C24A538DA009BEC2B /* Resources */ = {
			isa = PBXGroup;
			children = (
				CC177DF724A3BC88009BEC2B /* AppDelegate.swift */,
				CC177DFE24A3BC88009BEC2B /* Assets.xcassets */,
			);
			path = Resources;
			sourceTree = "<group>";
		};
/* End PBXGroup section */

/* Begin PBXNativeTarget section */
		CC177DF324A3BC88009BEC2B /* TheMovieApp */ = {
			isa = PBXNativeTarget;
			buildConfigurationList = CC177E1124A3BC89009BEC2B /* Build configuration list for PBXNativeTarget "TheMovieApp" */;
			buildPhases = (
				095315520B335934F7513FA3 /* [CP] Check Pods Manifest.lock */,
				CC177DF024A3BC88009BEC2B /* Sources */,
				CC177DF124A3BC88009BEC2B /* Frameworks */,
				CC177DF224A3BC88009BEC2B /* Resources */,
				31C72474F061517BE2FD860F /* [CP] Embed Pods Frameworks */,
			);
			buildRules = (
			);
			dependencies = (
			);
			name = TheMovieApp;
			productName = TheMovieApp;
			productReference = CC177DF424A3BC88009BEC2B /* TheMovieApp.app */;
			productType = "com.apple.product-type.application";
		};
		CC177E0724A3BC88009BEC2B /* TheMovieAppTests */ = {
			isa = PBXNativeTarget;
			buildConfigurationList = CC177E1424A3BC89009BEC2B /* Build configuration list for PBXNativeTarget "TheMovieAppTests" */;
			buildPhases = (
				12600C4873CA009766CDACE7 /* [CP] Check Pods Manifest.lock */,
				CC177E0424A3BC88009BEC2B /* Sources */,
				CC177E0524A3BC88009BEC2B /* Frameworks */,
				CC177E0624A3BC88009BEC2B /* Resources */,
			);
			buildRules = (
			);
			dependencies = (
				CC177E0A24A3BC88009BEC2B /* PBXTargetDependency */,
			);
			name = TheMovieAppTests;
			productName = TheMovieAppTests;
			productReference = CC177E0824A3BC88009BEC2B /* TheMovieAppTests.xctest */;
			productType = "com.apple.product-type.bundle.unit-test";
		};
/* End PBXNativeTarget section */

/* Begin PBXProject section */
		CC177DEC24A3BC88009BEC2B /* Project object */ = {
			isa = PBXProject;
			attributes = {
				LastSwiftUpdateCheck = 1010;
				LastUpgradeCheck = 1010;
				ORGANIZATIONNAME = TM;
				TargetAttributes = {
					CC177DF324A3BC88009BEC2B = {
						CreatedOnToolsVersion = 10.1;
					};
					CC177E0724A3BC88009BEC2B = {
						CreatedOnToolsVersion = 10.1;
						TestTargetID = CC177DF324A3BC88009BEC2B;
					};
				};
			};
			buildConfigurationList = CC177DEF24A3BC88009BEC2B /* Build configuration list for PBXProject "TheMovieApp" */;
			compatibilityVersion = "Xcode 9.3";
			developmentRegion = en;
			hasScannedForEncodings = 0;
			knownRegions = (
				en,
				Base,
			);
			mainGroup = CC177DEB24A3BC88009BEC2B;
			productRefGroup = CC177DF524A3BC88009BEC2B /* Products */;
			projectDirPath = "";
			projectRoot = "";
			targets = (
				CC177DF324A3BC88009BEC2B /* TheMovieApp */,
				CC177E0724A3BC88009BEC2B /* TheMovieAppTests */,
			);
		};
/* End PBXProject section */

/* Begin PBXResourcesBuildPhase section */
		CC177DF224A3BC88009BEC2B /* Resources */ = {
			isa = PBXResourcesBuildPhase;
			buildActionMask = 2147483647;
			files = (
				CC177E0224A3BC88009BEC2B /* LaunchScreen.storyboard in Resources */,
				CC177DFF24A3BC88009BEC2B /* Assets.xcassets in Resources */,
				CC177DFD24A3BC88009BEC2B /* Main.storyboard in Resources */,
			);
			runOnlyForDeploymentPostprocessing = 0;
		};
		CC177E0624A3BC88009BEC2B /* Resources */ = {
			isa = PBXResourcesBuildPhase;
			buildActionMask = 2147483647;
			files = (
			);
			runOnlyForDeploymentPostprocessing = 0;
		};
/* End PBXResourcesBuildPhase section */

/* Begin PBXShellScriptBuildPhase section */
		095315520B335934F7513FA3 /* [CP] Check Pods Manifest.lock */ = {
			isa = PBXShellScriptBuildPhase;
			buildActionMask = 2147483647;
			files = (
			);
			inputFileListPaths = (
			);
			inputPaths = (
				"${PODS_PODFILE_DIR_PATH}/Podfile.lock",
				"${PODS_ROOT}/Manifest.lock",
			);
			name = "[CP] Check Pods Manifest.lock";
			outputFileListPaths = (
			);
			outputPaths = (
				"$(DERIVED_FILE_DIR)/Pods-TheMovieApp-checkManifestLockResult.txt",
			);
			runOnlyForDeploymentPostprocessing = 0;
			shellPath = /bin/sh;
			shellScript = "diff \"${PODS_PODFILE_DIR_PATH}/Podfile.lock\" \"${PODS_ROOT}/Manifest.lock\" > /dev/null\nif [ $? != 0 ] ; then\n    # print error to STDERR\n    echo \"error: The sandbox is not in sync with the Podfile.lock. Run 'pod install' or update your CocoaPods installation.\" >&2\n    exit 1\nfi\n# This output is used by Xcode 'outputs' to avoid re-running this script phase.\necho \"SUCCESS\" > \"${SCRIPT_OUTPUT_FILE_0}\"\n";
			showEnvVarsInLog = 0;
		};
		12600C4873CA009766CDACE7 /* [CP] Check Pods Manifest.lock */ = {
			isa = PBXShellScriptBuildPhase;
			buildActionMask = 2147483647;
			files = (
			);
			inputFileListPaths = (
			);
			inputPaths = (
				"${PODS_PODFILE_DIR_PATH}/Podfile.lock",
				"${PODS_ROOT}/Manifest.lock",
			);
			name = "[CP] Check Pods Manifest.lock";
			outputFileListPaths = (
			);
			outputPaths = (
				"$(DERIVED_FILE_DIR)/Pods-TheMovieAppTests-checkManifestLockResult.txt",
			);
			runOnlyForDeploymentPostprocessing = 0;
			shellPath = /bin/sh;
			shellScript = "diff \"${PODS_PODFILE_DIR_PATH}/Podfile.lock\" \"${PODS_ROOT}/Manifest.lock\" > /dev/null\nif [ $? != 0 ] ; then\n    # print error to STDERR\n    echo \"error: The sandbox is not in sync with the Podfile.lock. Run 'pod install' or update your CocoaPods installation.\" >&2\n    exit 1\nfi\n# This output is used by Xcode 'outputs' to avoid re-running this script phase.\necho \"SUCCESS\" > \"${SCRIPT_OUTPUT_FILE_0}\"\n";
			showEnvVarsInLog = 0;
		};
		31C72474F061517BE2FD860F /* [CP] Embed Pods Frameworks */ = {
			isa = PBXShellScriptBuildPhase;
			buildActionMask = 2147483647;
			files = (
			);
			inputFileListPaths = (
				"${PODS_ROOT}/Target Support Files/Pods-TheMovieApp/Pods-TheMovieApp-frameworks-${CONFIGURATION}-input-files.xcfilelist",
			);
			name = "[CP] Embed Pods Frameworks";
			outputFileListPaths = (
				"${PODS_ROOT}/Target Support Files/Pods-TheMovieApp/Pods-TheMovieApp-frameworks-${CONFIGURATION}-output-files.xcfilelist",
			);
			runOnlyForDeploymentPostprocessing = 0;
			shellPath = /bin/sh;
			shellScript = "\"${PODS_ROOT}/Target Support Files/Pods-TheMovieApp/Pods-TheMovieApp-frameworks.sh\"\n";
			showEnvVarsInLog = 0;
		};
/* End PBXShellScriptBuildPhase section */

/* Begin PBXSourcesBuildPhase section */
		CC177DF024A3BC88009BEC2B /* Sources */ = {
			isa = PBXSourcesBuildPhase;
			buildActionMask = 2147483647;
			files = (
				CC177E2324A3CE2B009BEC2B /* ServiceHelper.swift in Sources */,
				CC177E1E24A3CA10009BEC2B /* Results.swift in Sources */,
				CC177E2124A3CB5F009BEC2B /* Movies.swift in Sources */,
				CC177DFA24A3BC88009BEC2B /* ViewController.swift in Sources */,
				CC177DF824A3BC88009BEC2B /* AppDelegate.swift in Sources */,
				CC177E2924A401A4009BEC2B /* MoviesTableViewCell.swift in Sources */,
				CC177E2724A3DA0D009BEC2B /* NetworkingConstants.swift in Sources */,
				CC177E2B24A401CE009BEC2B /* MoviesViewModel.swift in Sources */,
			);
			runOnlyForDeploymentPostprocessing = 0;
		};
		CC177E0424A3BC88009BEC2B /* Sources */ = {
			isa = PBXSourcesBuildPhase;
			buildActionMask = 2147483647;
			files = (
				CC177E0D24A3BC88009BEC2B /* TheMovieAppTests.swift in Sources */,
			);
			runOnlyForDeploymentPostprocessing = 0;
		};
/* End PBXSourcesBuildPhase section */

/* Begin PBXTargetDependency section */
		CC177E0A24A3BC88009BEC2B /* PBXTargetDependency */ = {
			isa = PBXTargetDependency;
			target = CC177DF324A3BC88009BEC2B /* TheMovieApp */;
			targetProxy = CC177E0924A3BC88009BEC2B /* PBXContainerItemProxy */;
		};
/* End PBXTargetDependency section */

/* Begin PBXVariantGroup section */
		CC177DFB24A3BC88009BEC2B /* Main.storyboard */ = {
			isa = PBXVariantGroup;
			children = (
				CC177DFC24A3BC88009BEC2B /* Base */,
			);
			name = Main.storyboard;
			sourceTree = "<group>";
		};
		CC177E0024A3BC88009BEC2B /* LaunchScreen.storyboard */ = {
			isa = PBXVariantGroup;
			children = (
				CC177E0124A3BC88009BEC2B /* Base */,
			);
			name = LaunchScreen.storyboard;
			sourceTree = "<group>";
		};
/* End PBXVariantGroup section */

/* Begin XCBuildConfiguration section */
		CC177E0F24A3BC89009BEC2B /* Debug */ = {
			isa = XCBuildConfiguration;
			buildSettings = {
				ALWAYS_SEARCH_USER_PATHS = NO;
				CLANG_ANALYZER_NONNULL = YES;
				CLANG_ANALYZER_NUMBER_OBJECT_CONVERSION = YES_AGGRESSIVE;
				CLANG_CXX_LANGUAGE_STANDARD = "gnu++14";
				CLANG_CXX_LIBRARY = "libc++";
				CLANG_ENABLE_MODULES = YES;
				CLANG_ENABLE_OBJC_ARC = YES;
				CLANG_ENABLE_OBJC_WEAK = YES;
				CLANG_WARN_BLOCK_CAPTURE_AUTORELEASING = YES;
				CLANG_WARN_BOOL_CONVERSION = YES;
				CLANG_WARN_COMMA = YES;
				CLANG_WARN_CONSTANT_CONVERSION = YES;
				CLANG_WARN_DEPRECATED_OBJC_IMPLEMENTATIONS = YES;
				CLANG_WARN_DIRECT_OBJC_ISA_USAGE = YES_ERROR;
				CLANG_WARN_DOCUMENTATION_COMMENTS = YES;
				CLANG_WARN_EMPTY_BODY = YES;
				CLANG_WARN_ENUM_CONVERSION = YES;
				CLANG_WARN_INFINITE_RECURSION = YES;
				CLANG_WARN_INT_CONVERSION = YES;
				CLANG_WARN_NON_LITERAL_NULL_CONVERSION = YES;
				CLANG_WARN_OBJC_IMPLICIT_RETAIN_SELF = YES;
				CLANG_WARN_OBJC_LITERAL_CONVERSION = YES;
				CLANG_WARN_OBJC_ROOT_CLASS = YES_ERROR;
				CLANG_WARN_RANGE_LOOP_ANALYSIS = YES;
				CLANG_WARN_STRICT_PROTOTYPES = YES;
				CLANG_WARN_SUSPICIOUS_MOVE = YES;
				CLANG_WARN_UNGUARDED_AVAILABILITY = YES_AGGRESSIVE;
				CLANG_WARN_UNREACHABLE_CODE = YES;
				CLANG_WARN__DUPLICATE_METHOD_MATCH = YES;
				CODE_SIGN_IDENTITY = "iPhone Developer";
				COPY_PHASE_STRIP = NO;
				DEBUG_INFORMATION_FORMAT = dwarf;
				ENABLE_STRICT_OBJC_MSGSEND = YES;
				ENABLE_TESTABILITY = YES;
				GCC_C_LANGUAGE_STANDARD = gnu11;
				GCC_DYNAMIC_NO_PIC = NO;
				GCC_NO_COMMON_BLOCKS = YES;
				GCC_OPTIMIZATION_LEVEL = 0;
				GCC_PREPROCESSOR_DEFINITIONS = (
					"DEBUG=1",
					"$(inherited)",
				);
				GCC_WARN_64_TO_32_BIT_CONVERSION = YES;
				GCC_WARN_ABOUT_RETURN_TYPE = YES_ERROR;
				GCC_WARN_UNDECLARED_SELECTOR = YES;
				GCC_WARN_UNINITIALIZED_AUTOS = YES_AGGRESSIVE;
				GCC_WARN_UNUSED_FUNCTION = YES;
				GCC_WARN_UNUSED_VARIABLE = YES;
				IPHONEOS_DEPLOYMENT_TARGET = 12.1;
				MTL_ENABLE_DEBUG_INFO = INCLUDE_SOURCE;
				MTL_FAST_MATH = YES;
				ONLY_ACTIVE_ARCH = YES;
				SDKROOT = iphoneos;
				SWIFT_ACTIVE_COMPILATION_CONDITIONS = DEBUG;
				SWIFT_OPTIMIZATION_LEVEL = "-Onone";
			};
			name = Debug;
		};
		CC177E1024A3BC89009BEC2B /* Release */ = {
			isa = XCBuildConfiguration;
			buildSettings = {
				ALWAYS_SEARCH_USER_PATHS = NO;
				CLANG_ANALYZER_NONNULL = YES;
				CLANG_ANALYZER_NUMBER_OBJECT_CONVERSION = YES_AGGRESSIVE;
				CLANG_CXX_LANGUAGE_STANDARD = "gnu++14";
				CLANG_CXX_LIBRARY = "libc++";
				CLANG_ENABLE_MODULES = YES;
				CLANG_ENABLE_OBJC_ARC = YES;
				CLANG_ENABLE_OBJC_WEAK = YES;
				CLANG_WARN_BLOCK_CAPTURE_AUTORELEASING = YES;
				CLANG_WARN_BOOL_CONVERSION = YES;
				CLANG_WARN_COMMA = YES;
				CLANG_WARN_CONSTANT_CONVERSION = YES;
				CLANG_WARN_DEPRECATED_OBJC_IMPLEMENTATIONS = YES;
				CLANG_WARN_DIRECT_OBJC_ISA_USAGE = YES_ERROR;
				CLANG_WARN_DOCUMENTATION_COMMENTS = YES;
				CLANG_WARN_EMPTY_BODY = YES;
				CLANG_WARN_ENUM_CONVERSION = YES;
				CLANG_WARN_INFINITE_RECURSION = YES;
				CLANG_WARN_INT_CONVERSION = YES;
				CLANG_WARN_NON_LITERAL_NULL_CONVERSION = YES;
				CLANG_WARN_OBJC_IMPLICIT_RETAIN_SELF = YES;
				CLANG_WARN_OBJC_LITERAL_CONVERSION = YES;
				CLANG_WARN_OBJC_ROOT_CLASS = YES_ERROR;
				CLANG_WARN_RANGE_LOOP_ANALYSIS = YES;
				CLANG_WARN_STRICT_PROTOTYPES = YES;
				CLANG_WARN_SUSPICIOUS_MOVE = YES;
				CLANG_WARN_UNGUARDED_AVAILABILITY = YES_AGGRESSIVE;
				CLANG_WARN_UNREACHABLE_CODE = YES;
				CLANG_WARN__DUPLICATE_METHOD_MATCH = YES;
				CODE_SIGN_IDENTITY = "iPhone Developer";
				COPY_PHASE_STRIP = NO;
				DEBUG_INFORMATION_FORMAT = "dwarf-with-dsym";
				ENABLE_NS_ASSERTIONS = NO;
				ENABLE_STRICT_OBJC_MSGSEND = YES;
				GCC_C_LANGUAGE_STANDARD = gnu11;
				GCC_NO_COMMON_BLOCKS = YES;
				GCC_WARN_64_TO_32_BIT_CONVERSION = YES;
				GCC_WARN_ABOUT_RETURN_TYPE = YES_ERROR;
				GCC_WARN_UNDECLARED_SELECTOR = YES;
				GCC_WARN_UNINITIALIZED_AUTOS = YES_AGGRESSIVE;
				GCC_WARN_UNUSED_FUNCTION = YES;
				GCC_WARN_UNUSED_VARIABLE = YES;
				IPHONEOS_DEPLOYMENT_TARGET = 12.1;
				MTL_ENABLE_DEBUG_INFO = NO;
				MTL_FAST_MATH = YES;
				SDKROOT = iphoneos;
				SWIFT_COMPILATION_MODE = wholemodule;
				SWIFT_OPTIMIZATION_LEVEL = "-O";
				VALIDATE_PRODUCT = YES;
			};
			name = Release;
		};
		CC177E1224A3BC89009BEC2B /* Debug */ = {
			isa = XCBuildConfiguration;
			baseConfigurationReference = 79ED05D21A8A29E9FFD2A4FB /* Pods-TheMovieApp.debug.xcconfig */;
			buildSettings = {
				ASSETCATALOG_COMPILER_APPICON_NAME = AppIcon;
				CODE_SIGN_STYLE = Automatic;
				INFOPLIST_FILE = TheMovieApp/Info.plist;
				LD_RUNPATH_SEARCH_PATHS = (
					"$(inherited)",
					"@executable_path/Frameworks",
				);
				PRODUCT_BUNDLE_IDENTIFIER = TM.TheMovieApp;
				PRODUCT_NAME = "$(TARGET_NAME)";
				SWIFT_VERSION = 4.2;
				TARGETED_DEVICE_FAMILY = "1,2";
			};
			name = Debug;
		};
		CC177E1324A3BC89009BEC2B /* Release */ = {
			isa = XCBuildConfiguration;
			baseConfigurationReference = 3D3593474252B92D9D88E148 /* Pods-TheMovieApp.release.xcconfig */;
			buildSettings = {
				ASSETCATALOG_COMPILER_APPICON_NAME = AppIcon;
				CODE_SIGN_STYLE = Automatic;
				INFOPLIST_FILE = TheMovieApp/Info.plist;
				LD_RUNPATH_SEARCH_PATHS = (
					"$(inherited)",
					"@executable_path/Frameworks",
				);
				PRODUCT_BUNDLE_IDENTIFIER = TM.TheMovieApp;
				PRODUCT_NAME = "$(TARGET_NAME)";
				SWIFT_VERSION = 4.2;
				TARGETED_DEVICE_FAMILY = "1,2";
			};
			name = Release;
		};
		CC177E1524A3BC89009BEC2B /* Debug */ = {
			isa = XCBuildConfiguration;
			baseConfigurationReference = 3624AFBF72D3A2D6A28CF9BC /* Pods-TheMovieAppTests.debug.xcconfig */;
			buildSettings = {
				ALWAYS_EMBED_SWIFT_STANDARD_LIBRARIES = YES;
				BUNDLE_LOADER = "$(TEST_HOST)";
				CODE_SIGN_STYLE = Automatic;
				INFOPLIST_FILE = TheMovieAppTests/Info.plist;
				LD_RUNPATH_SEARCH_PATHS = (
					"$(inherited)",
					"@executable_path/Frameworks",
					"@loader_path/Frameworks",
				);
				PRODUCT_BUNDLE_IDENTIFIER = TM.TheMovieAppTests;
				PRODUCT_NAME = "$(TARGET_NAME)";
				SWIFT_VERSION = 4.2;
				TARGETED_DEVICE_FAMILY = "1,2";
				TEST_HOST = "$(BUILT_PRODUCTS_DIR)/TheMovieApp.app/TheMovieApp";
			};
			name = Debug;
		};
		CC177E1624A3BC89009BEC2B /* Release */ = {
			isa = XCBuildConfiguration;
			baseConfigurationReference = 2B500583C16FDA1BE6ABFD47 /* Pods-TheMovieAppTests.release.xcconfig */;
			buildSettings = {
				ALWAYS_EMBED_SWIFT_STANDARD_LIBRARIES = YES;
				BUNDLE_LOADER = "$(TEST_HOST)";
				CODE_SIGN_STYLE = Automatic;
				INFOPLIST_FILE = TheMovieAppTests/Info.plist;
				LD_RUNPATH_SEARCH_PATHS = (
					"$(inherited)",
					"@executable_path/Frameworks",
					"@loader_path/Frameworks",
				);
				PRODUCT_BUNDLE_IDENTIFIER = TM.TheMovieAppTests;
				PRODUCT_NAME = "$(TARGET_NAME)";
				SWIFT_VERSION = 4.2;
				TARGETED_DEVICE_FAMILY = "1,2";
				TEST_HOST = "$(BUILT_PRODUCTS_DIR)/TheMovieApp.app/TheMovieApp";
			};
			name = Release;
		};
/* End XCBuildConfiguration section */

/* Begin XCConfigurationList section */
		CC177DEF24A3BC88009BEC2B /* Build configuration list for PBXProject "TheMovieApp" */ = {
			isa = XCConfigurationList;
			buildConfigurations = (
				CC177E0F24A3BC89009BEC2B /* Debug */,
				CC177E1024A3BC89009BEC2B /* Release */,
			);
			defaultConfigurationIsVisible = 0;
			defaultConfigurationName = Release;
		};
		CC177E1124A3BC89009BEC2B /* Build configuration list for PBXNativeTarget "TheMovieApp" */ = {
			isa = XCConfigurationList;
			buildConfigurations = (
				CC177E1224A3BC89009BEC2B /* Debug */,
				CC177E1324A3BC89009BEC2B /* Release */,
			);
			defaultConfigurationIsVisible = 0;
			defaultConfigurationName = Release;
		};
		CC177E1424A3BC89009BEC2B /* Build configuration list for PBXNativeTarget "TheMovieAppTests" */ = {
			isa = XCConfigurationList;
			buildConfigurations = (
				CC177E1524A3BC89009BEC2B /* Debug */,
				CC177E1624A3BC89009BEC2B /* Release */,
			);
			defaultConfigurationIsVisible = 0;
			defaultConfigurationName = Release;
		};
/* End XCConfigurationList section */
	};
	rootObject = CC177DEC24A3BC88009BEC2B /* Project object */;
}
